
Microsoft Visual Studio Solution File, Format Version 12.00
# Visual Studio Version 17
VisualStudioVersion = 17.1.32421.90
MinimumVisualStudioVersion = 10.0.40219.1
Project("{9A19103F-16F7-4668-BE54-9A1E7A4F7556}") = "AspNetCoreImagingDemo.Net9", "AspNetCoreImagingDemo.Net9.csproj", "{B3EED447-9A5B-4436-9B08-DD6729A5567E}"
EndProject
Global
	GlobalSection(SolutionConfigurationPlatforms) = preSolution
		Debug|Any CPU = Debug|Any CPU
		Release|Any CPU = Release|Any CPU
	EndGlobalSection
	GlobalSection(ProjectConfigurationPlatforms) = postSolution
		{B3EED447-9A5B-4436-9B08-DD6729A5567E}.Debug|Any CPU.ActiveCfg = Debug|Any CPU
		{B3EED447-9A5B-4436-9B08-DD6729A5567E}.Debug|Any CPU.Build.0 = Debug|Any CPU
		{B3EED447-9A5B-4436-9B08-DD6729A5567E}.Release|Any CPU.ActiveCfg = Release|Any CPU
		{B3EED447-9A5B-4436-9B08-DD6729A5567E}.Release|Any CPU.Build.0 = Release|Any CPU
	EndGlobalSection
	GlobalSection(SolutionProperties) = preSolution
		HideSolutionNode = FALSE
	EndGlobalSection
	GlobalSection(ExtensibilityGlobals) = postSolution
		SolutionGuid = {BA19365D-E08D-47EA-8CEF-C64018D0BBDC}
	EndGlobalSection
EndGlobal
